
Microsoft Visual Studio Solution File, Format Version 12.00
# Visual Studio Version 17
VisualStudioVersion = 17.12.35527.113
MinimumVisualStudioVersion = 10.0.40219.1
Project("{FAE04EC0-301F-11D3-BF4B-00C04F79EFBC}") = "GestionJugadores", "GestionJugadores.csproj", "{8255FD4C-43DE-44CE-B4B2-4CEF54A8730C}"
EndProject
Project("{FAE04EC0-301F-11D3-BF4B-00C04F79EFBC}") = "GestionJugadores.Shared", "..\GestionJugadores.Shared\GestionJugadores.Shared.csproj", "{D0426125-3FFD-4792-BF6A-9C3014D10262}"
EndProject
Project("{FAE04EC0-301F-11D3-BF4B-00C04F79EFBC}") = "GestionJugadores.BlazorWasm", "..\GestionJugadores.BlazorWasm\GestionJugadores.BlazorWasm.csproj", "{B38F73DE-F80D-4AD9-96E8-B5A8C51FBA69}"
EndProject
Global
	GlobalSection(SolutionConfigurationPlatforms) = preSolution
		Debug|Any CPU = Debug|Any CPU
		Release|Any CPU = Release|Any CPU
	EndGlobalSection
	GlobalSection(ProjectConfigurationPlatforms) = postSolution
		{8255FD4C-43DE-44CE-B4B2-4CEF54A8730C}.Debug|Any CPU.ActiveCfg = Debug|Any CPU
		{8255FD4C-43DE-44CE-B4B2-4CEF54A8730C}.Debug|Any CPU.Build.0 = Debug|Any CPU
		{8255FD4C-43DE-44CE-B4B2-4CEF54A8730C}.Release|Any CPU.ActiveCfg = Release|Any CPU
		{8255FD4C-43DE-44CE-B4B2-4CEF54A8730C}.Release|Any CPU.Build.0 = Release|Any CPU
		{D0426125-3FFD-4792-BF6A-9C3014D10262}.Debug|Any CPU.ActiveCfg = Debug|Any CPU
		{D0426125-3FFD-4792-BF6A-9C3014D10262}.Debug|Any CPU.Build.0 = Debug|Any CPU
		{D0426125-3FFD-4792-BF6A-9C3014D10262}.Release|Any CPU.ActiveCfg = Release|Any CPU
		{D0426125-3FFD-4792-BF6A-9C3014D10262}.Release|Any CPU.Build.0 = Release|Any CPU
		{B38F73DE-F80D-4AD9-96E8-B5A8C51FBA69}.Debug|Any CPU.ActiveCfg = Debug|Any CPU
		{B38F73DE-F80D-4AD9-96E8-B5A8C51FBA69}.Debug|Any CPU.Build.0 = Debug|Any CPU
		{B38F73DE-F80D-4AD9-96E8-B5A8C51FBA69}.Release|Any CPU.ActiveCfg = Release|Any CPU
		{B38F73DE-F80D-4AD9-96E8-B5A8C51FBA69}.Release|Any CPU.Build.0 = Release|Any CPU
	EndGlobalSection
	GlobalSection(SolutionProperties) = preSolution
		HideSolutionNode = FALSE
	EndGlobalSection
EndGlobal
